// !$*UTF8*$!
{
	archiveVersion = 1;
	classes = {
	};
	objectVersion = 46;
	objects = {

/* Begin PBXBuildFile section */
		A67274A8BA8B8AC2992EC4EA /* Pods_FoodOrderingSystem.framework in Frameworks */ = {isa = PBXBuildFile; fileRef = 361C516EE285A3055AB5961E /* Pods_FoodOrderingSystem.framework */; };
		BA11D8111C49D2F500C8C830 /* AppDelegate.swift in Sources */ = {isa = PBXBuildFile; fileRef = BA11D8101C49D2F500C8C830 /* AppDelegate.swift */; };
		BA11D8161C49D2F500C8C830 /* Tutorial.storyboard in Resources */ = {isa = PBXBuildFile; fileRef = BA11D8141C49D2F500C8C830 /* Tutorial.storyboard */; };
		BA11D8181C49D2F500C8C830 /* Assets.xcassets in Resources */ = {isa = PBXBuildFile; fileRef = BA11D8171C49D2F500C8C830 /* Assets.xcassets */; };
		BA11D81B1C49D2F500C8C830 /* LaunchScreen.storyboard in Resources */ = {isa = PBXBuildFile; fileRef = BA11D8191C49D2F500C8C830 /* LaunchScreen.storyboard */; };
		BA11D8261C49D2F500C8C830 /* FoodOrderingSystemTests.swift in Sources */ = {isa = PBXBuildFile; fileRef = BA11D8251C49D2F500C8C830 /* FoodOrderingSystemTests.swift */; };
		BA11D8311C49D2F500C8C830 /* FoodOrderingSystemUITests.swift in Sources */ = {isa = PBXBuildFile; fileRef = BA11D8301C49D2F500C8C830 /* FoodOrderingSystemUITests.swift */; };
		BA1CFB711C4A704500269862 /* introductionPic1.jpg in Resources */ = {isa = PBXBuildFile; fileRef = BA1CFB6E1C4A704500269862 /* introductionPic1.jpg */; };
		BA1CFB721C4A704500269862 /* introductionPic2.jpg in Resources */ = {isa = PBXBuildFile; fileRef = BA1CFB6F1C4A704500269862 /* introductionPic2.jpg */; };
		BA1CFB731C4A704500269862 /* introductionPic3.jpg in Resources */ = {isa = PBXBuildFile; fileRef = BA1CFB701C4A704500269862 /* introductionPic3.jpg */; };
		BA1CFB851C4B354D00269862 /* TutorialPage.swift in Sources */ = {isa = PBXBuildFile; fileRef = BA1CFB831C4B354D00269862 /* TutorialPage.swift */; };
		BA1CFB861C4B354D00269862 /* TutorialRootViewController.swift in Sources */ = {isa = PBXBuildFile; fileRef = BA1CFB841C4B354D00269862 /* TutorialRootViewController.swift */; };
		BA1CFB881C4B357800269862 /* Login.swift in Sources */ = {isa = PBXBuildFile; fileRef = BA1CFB871C4B357800269862 /* Login.swift */; };
		BA1CFB8A1C4B967600269862 /* Register.swift in Sources */ = {isa = PBXBuildFile; fileRef = BA1CFB891C4B967600269862 /* Register.swift */; };
		BA1CFB901C4BBABF00269862 /* OrangeButton.swift in Sources */ = {isa = PBXBuildFile; fileRef = BA1CFB8F1C4BBABF00269862 /* OrangeButton.swift */; };
		BA2AAE2E1C63542F00DB6131 /* CustomizedSegueLeftToRight.swift in Sources */ = {isa = PBXBuildFile; fileRef = BA2AAE2D1C63542F00DB6131 /* CustomizedSegueLeftToRight.swift */; };
		BA2AAE541C64869E00DB6131 /* FoodPersistantLayer.framework in Frameworks */ = {isa = PBXBuildFile; fileRef = BA2AAE531C64869E00DB6131 /* FoodPersistantLayer.framework */; };
		BA2AAE7C1C648A5F00DB6131 /* FoodBusinessLogicalLayer.framework in Frameworks */ = {isa = PBXBuildFile; fileRef = BA2AAE7B1C648A5F00DB6131 /* FoodBusinessLogicalLayer.framework */; };
		BA2AAE8D1C664E3600DB6131 /* Account.swift in Sources */ = {isa = PBXBuildFile; fileRef = BA2AAE8C1C664E3600DB6131 /* Account.swift */; };
		BA2AAE8F1C664E3E00DB6131 /* AccountBL.swift in Sources */ = {isa = PBXBuildFile; fileRef = BA2AAE8E1C664E3E00DB6131 /* AccountBL.swift */; };
		BA3B1A761C5A066300E4999F /* Alamofire.framework in Frameworks */ = {isa = PBXBuildFile; fileRef = BA3B1A751C5A066300E4999F /* Alamofire.framework */; };
		BA3B1AB21C5B51C200E4999F /* Login.storyboard in Resources */ = {isa = PBXBuildFile; fileRef = BA3B1AB11C5B51C200E4999F /* Login.storyboard */; };
		BA50334C1C6050BF00E0F066 /* AccountViewController.swift in Sources */ = {isa = PBXBuildFile; fileRef = BA50334B1C6050BF00E0F066 /* AccountViewController.swift */; };
		BA50334E1C6050D100E0F066 /* OrderViewController.swift in Sources */ = {isa = PBXBuildFile; fileRef = BA50334D1C6050D100E0F066 /* OrderViewController.swift */; };
		BA5033581C60DAB600E0F066 /* addGreen.png in Resources */ = {isa = PBXBuildFile; fileRef = BA5033541C60DAB600E0F066 /* addGreen.png */; };
		BA5033591C60DAB600E0F066 /* cartGreen.png in Resources */ = {isa = PBXBuildFile; fileRef = BA5033551C60DAB600E0F066 /* cartGreen.png */; };
		BA50335A1C60DAB600E0F066 /* favoriteGreen.png in Resources */ = {isa = PBXBuildFile; fileRef = BA5033561C60DAB600E0F066 /* favoriteGreen.png */; };
		BA50335B1C60DAB600E0F066 /* listGreen.png in Resources */ = {isa = PBXBuildFile; fileRef = BA5033571C60DAB600E0F066 /* listGreen.png */; };
		BA50335D1C60DC6B00E0F066 /* account.png in Resources */ = {isa = PBXBuildFile; fileRef = BA50335C1C60DC6B00E0F066 /* account.png */; };
		BA5033601C6218C200E0F066 /* DropDownButton.swift in Sources */ = {isa = PBXBuildFile; fileRef = BA50335F1C6218C200E0F066 /* DropDownButton.swift */; };
		BA5033641C633B5700E0F066 /* RestaurantCell.swift in Sources */ = {isa = PBXBuildFile; fileRef = BA5033631C633B5700E0F066 /* RestaurantCell.swift */; };
		BA9EBE021C5F401F006B85F1 /* LeftMenuTableCell.swift in Sources */ = {isa = PBXBuildFile; fileRef = BA9EBDFD1C5F401F006B85F1 /* LeftMenuTableCell.swift */; };
		BA9EBE031C5F401F006B85F1 /* LeftSlideMenu.swift in Sources */ = {isa = PBXBuildFile; fileRef = BA9EBDFE1C5F401F006B85F1 /* LeftSlideMenu.swift */; };
		BA9EBE041C5F401F006B85F1 /* MainMenuViewController.swift in Sources */ = {isa = PBXBuildFile; fileRef = BA9EBDFF1C5F401F006B85F1 /* MainMenuViewController.swift */; };
		BA9EBE051C5F401F006B85F1 /* MenuTable.swift in Sources */ = {isa = PBXBuildFile; fileRef = BA9EBE001C5F401F006B85F1 /* MenuTable.swift */; };
		BA9EBE061C5F401F006B85F1 /* SlideMenu.swift in Sources */ = {isa = PBXBuildFile; fileRef = BA9EBE011C5F401F006B85F1 /* SlideMenu.swift */; };
		BA9EBE081C5F4070006B85F1 /* SlideMenu.storyboard in Resources */ = {isa = PBXBuildFile; fileRef = BA9EBE071C5F4070006B85F1 /* SlideMenu.storyboard */; };
		BAA800D41C73649800F503A4 /* nameIndicator.png in Resources */ = {isa = PBXBuildFile; fileRef = BAA800D31C73649800F503A4 /* nameIndicator.png */; };
		BAE01B911C4BBB7C0045D4C8 /* NetworkHelp.swift in Sources */ = {isa = PBXBuildFile; fileRef = BAE01B901C4BBB7C0045D4C8 /* NetworkHelp.swift */; };
/* End PBXBuildFile section */

/* Begin PBXContainerItemProxy section */
		BA11D8221C49D2F500C8C830 /* PBXContainerItemProxy */ = {
			isa = PBXContainerItemProxy;
			containerPortal = BA11D8051C49D2F500C8C830 /* Project object */;
			proxyType = 1;
			remoteGlobalIDString = BA11D80C1C49D2F500C8C830;
			remoteInfo = FoodOrderingSystem;
		};
		BA11D82D1C49D2F500C8C830 /* PBXContainerItemProxy */ = {
			isa = PBXContainerItemProxy;
			containerPortal = BA11D8051C49D2F500C8C830 /* Project object */;
			proxyType = 1;
			remoteGlobalIDString = BA11D80C1C49D2F500C8C830;
			remoteInfo = FoodOrderingSystem;
		};
/* End PBXContainerItemProxy section */

/* Begin PBXFileReference section */
		361C516EE285A3055AB5961E /* Pods_FoodOrderingSystem.framework */ = {isa = PBXFileReference; explicitFileType = wrapper.framework; includeInIndex = 0; path = Pods_FoodOrderingSystem.framework; sourceTree = BUILT_PRODUCTS_DIR; };
		543BEFA33FB33146D40925D7 /* Pods-FoodOrderingSystem.debug.xcconfig */ = {isa = PBXFileReference; includeInIndex = 1; lastKnownFileType = text.xcconfig; name = "Pods-FoodOrderingSystem.debug.xcconfig"; path = "Pods/Target Support Files/Pods-FoodOrderingSystem/Pods-FoodOrderingSystem.debug.xcconfig"; sourceTree = "<group>"; };
		BA11D80D1C49D2F500C8C830 /* FoodOrderingSystem.app */ = {isa = PBXFileReference; explicitFileType = wrapper.application; includeInIndex = 0; path = FoodOrderingSystem.app; sourceTree = BUILT_PRODUCTS_DIR; };
		BA11D8101C49D2F500C8C830 /* AppDelegate.swift */ = {isa = PBXFileReference; lastKnownFileType = sourcecode.swift; path = AppDelegate.swift; sourceTree = "<group>"; };
		BA11D8151C49D2F500C8C830 /* Base */ = {isa = PBXFileReference; lastKnownFileType = file.storyboard; name = Base; path = Base.lproj/Tutorial.storyboard; sourceTree = "<group>"; };
		BA11D8171C49D2F500C8C830 /* Assets.xcassets */ = {isa = PBXFileReference; lastKnownFileType = folder.assetcatalog; path = Assets.xcassets; sourceTree = "<group>"; };
		BA11D81A1C49D2F500C8C830 /* Base */ = {isa = PBXFileReference; lastKnownFileType = file.storyboard; name = Base; path = Base.lproj/LaunchScreen.storyboard; sourceTree = "<group>"; };
		BA11D81C1C49D2F500C8C830 /* Info.plist */ = {isa = PBXFileReference; lastKnownFileType = text.plist.xml; path = Info.plist; sourceTree = "<group>"; };
		BA11D8211C49D2F500C8C830 /* FoodOrderingSystemTests.xctest */ = {isa = PBXFileReference; explicitFileType = wrapper.cfbundle; includeInIndex = 0; path = FoodOrderingSystemTests.xctest; sourceTree = BUILT_PRODUCTS_DIR; };
		BA11D8251C49D2F500C8C830 /* FoodOrderingSystemTests.swift */ = {isa = PBXFileReference; lastKnownFileType = sourcecode.swift; path = FoodOrderingSystemTests.swift; sourceTree = "<group>"; };
		BA11D8271C49D2F500C8C830 /* Info.plist */ = {isa = PBXFileReference; lastKnownFileType = text.plist.xml; path = Info.plist; sourceTree = "<group>"; };
		BA11D82C1C49D2F500C8C830 /* FoodOrderingSystemUITests.xctest */ = {isa = PBXFileReference; explicitFileType = wrapper.cfbundle; includeInIndex = 0; path = FoodOrderingSystemUITests.xctest; sourceTree = BUILT_PRODUCTS_DIR; };
		BA11D8301C49D2F500C8C830 /* FoodOrderingSystemUITests.swift */ = {isa = PBXFileReference; lastKnownFileType = sourcecode.swift; path = FoodOrderingSystemUITests.swift; sourceTree = "<group>"; };
		BA11D8321C49D2F500C8C830 /* Info.plist */ = {isa = PBXFileReference; lastKnownFileType = text.plist.xml; path = Info.plist; sourceTree = "<group>"; };
		BA1CFB6E1C4A704500269862 /* introductionPic1.jpg */ = {isa = PBXFileReference; lastKnownFileType = image.jpeg; path = introductionPic1.jpg; sourceTree = "<group>"; };
		BA1CFB6F1C4A704500269862 /* introductionPic2.jpg */ = {isa = PBXFileReference; lastKnownFileType = image.jpeg; path = introductionPic2.jpg; sourceTree = "<group>"; };
		BA1CFB701C4A704500269862 /* introductionPic3.jpg */ = {isa = PBXFileReference; lastKnownFileType = image.jpeg; path = introductionPic3.jpg; sourceTree = "<group>"; };
		BA1CFB831C4B354D00269862 /* TutorialPage.swift */ = {isa = PBXFileReference; fileEncoding = 4; lastKnownFileType = sourcecode.swift; path = TutorialPage.swift; sourceTree = "<group>"; };
		BA1CFB841C4B354D00269862 /* TutorialRootViewController.swift */ = {isa = PBXFileReference; fileEncoding = 4; lastKnownFileType = sourcecode.swift; path = TutorialRootViewController.swift; sourceTree = "<group>"; };
		BA1CFB871C4B357800269862 /* Login.swift */ = {isa = PBXFileReference; fileEncoding = 4; lastKnownFileType = sourcecode.swift; path = Login.swift; sourceTree = "<group>"; };
		BA1CFB891C4B967600269862 /* Register.swift */ = {isa = PBXFileReference; fileEncoding = 4; lastKnownFileType = sourcecode.swift; path = Register.swift; sourceTree = "<group>"; };
		BA1CFB8F1C4BBABF00269862 /* OrangeButton.swift */ = {isa = PBXFileReference; fileEncoding = 4; lastKnownFileType = sourcecode.swift; path = OrangeButton.swift; sourceTree = "<group>"; };
		BA2AAE2D1C63542F00DB6131 /* CustomizedSegueLeftToRight.swift */ = {isa = PBXFileReference; fileEncoding = 4; lastKnownFileType = sourcecode.swift; path = CustomizedSegueLeftToRight.swift; sourceTree = "<group>"; };
		BA2AAE531C64869E00DB6131 /* FoodPersistantLayer.framework */ = {isa = PBXFileReference; lastKnownFileType = wrapper.framework; name = FoodPersistantLayer.framework; path = "FoodPersistantLayer/build/Debug-iphoneos/FoodPersistantLayer.framework"; sourceTree = "<group>"; };
		BA2AAE7B1C648A5F00DB6131 /* FoodBusinessLogicalLayer.framework */ = {isa = PBXFileReference; lastKnownFileType = wrapper.framework; name = FoodBusinessLogicalLayer.framework; path = "FoodBusinessLogicalLayer/build/Debug-iphoneos/FoodBusinessLogicalLayer.framework"; sourceTree = "<group>"; };
		BA2AAE8C1C664E3600DB6131 /* Account.swift */ = {isa = PBXFileReference; fileEncoding = 4; lastKnownFileType = sourcecode.swift; path = Account.swift; sourceTree = "<group>"; };
		BA2AAE8E1C664E3E00DB6131 /* AccountBL.swift */ = {isa = PBXFileReference; fileEncoding = 4; lastKnownFileType = sourcecode.swift; path = AccountBL.swift; sourceTree = "<group>"; };
		BA3B1A751C5A066300E4999F /* Alamofire.framework */ = {isa = PBXFileReference; lastKnownFileType = wrapper.framework; name = Alamofire.framework; path = "Pods/../build/Debug-iphoneos/Alamofire.framework"; sourceTree = "<group>"; };
		BA3B1AB11C5B51C200E4999F /* Login.storyboard */ = {isa = PBXFileReference; fileEncoding = 4; lastKnownFileType = file.storyboard; path = Login.storyboard; sourceTree = "<group>"; };
		BA50334B1C6050BF00E0F066 /* AccountViewController.swift */ = {isa = PBXFileReference; fileEncoding = 4; lastKnownFileType = sourcecode.swift; name = AccountViewController.swift; path = App/AccountViewController.swift; sourceTree = "<group>"; };
		BA50334D1C6050D100E0F066 /* OrderViewController.swift */ = {isa = PBXFileReference; fileEncoding = 4; lastKnownFileType = sourcecode.swift; name = OrderViewController.swift; path = App/OrderViewController.swift; sourceTree = "<group>"; };
		BA5033541C60DAB600E0F066 /* addGreen.png */ = {isa = PBXFileReference; lastKnownFileType = image.png; path = addGreen.png; sourceTree = "<group>"; };
		BA5033551C60DAB600E0F066 /* cartGreen.png */ = {isa = PBXFileReference; lastKnownFileType = image.png; path = cartGreen.png; sourceTree = "<group>"; };
		BA5033561C60DAB600E0F066 /* favoriteGreen.png */ = {isa = PBXFileReference; lastKnownFileType = image.png; path = favoriteGreen.png; sourceTree = "<group>"; };
		BA5033571C60DAB600E0F066 /* listGreen.png */ = {isa = PBXFileReference; lastKnownFileType = image.png; path = listGreen.png; sourceTree = "<group>"; };
		BA50335C1C60DC6B00E0F066 /* account.png */ = {isa = PBXFileReference; lastKnownFileType = image.png; path = account.png; sourceTree = "<group>"; };
		BA50335F1C6218C200E0F066 /* DropDownButton.swift */ = {isa = PBXFileReference; fileEncoding = 4; lastKnownFileType = sourcecode.swift; path = DropDownButton.swift; sourceTree = "<group>"; };
		BA5033631C633B5700E0F066 /* RestaurantCell.swift */ = {isa = PBXFileReference; fileEncoding = 4; lastKnownFileType = sourcecode.swift; name = RestaurantCell.swift; path = App/RestaurantCell.swift; sourceTree = "<group>"; };
		BA9EBDFD1C5F401F006B85F1 /* LeftMenuTableCell.swift */ = {isa = PBXFileReference; fileEncoding = 4; lastKnownFileType = sourcecode.swift; path = LeftMenuTableCell.swift; sourceTree = "<group>"; };
		BA9EBDFE1C5F401F006B85F1 /* LeftSlideMenu.swift */ = {isa = PBXFileReference; fileEncoding = 4; lastKnownFileType = sourcecode.swift; path = LeftSlideMenu.swift; sourceTree = "<group>"; };
		BA9EBDFF1C5F401F006B85F1 /* MainMenuViewController.swift */ = {isa = PBXFileReference; fileEncoding = 4; lastKnownFileType = sourcecode.swift; path = MainMenuViewController.swift; sourceTree = "<group>"; };
		BA9EBE001C5F401F006B85F1 /* MenuTable.swift */ = {isa = PBXFileReference; fileEncoding = 4; lastKnownFileType = sourcecode.swift; path = MenuTable.swift; sourceTree = "<group>"; };
		BA9EBE011C5F401F006B85F1 /* SlideMenu.swift */ = {isa = PBXFileReference; fileEncoding = 4; lastKnownFileType = sourcecode.swift; path = SlideMenu.swift; sourceTree = "<group>"; };
		BA9EBE071C5F4070006B85F1 /* SlideMenu.storyboard */ = {isa = PBXFileReference; fileEncoding = 4; lastKnownFileType = file.storyboard; name = SlideMenu.storyboard; path = FoodOrderingSystem/SlideMenu/SlideMenu.storyboard; sourceTree = SOURCE_ROOT; };
		BAA800D31C73649800F503A4 /* nameIndicator.png */ = {isa = PBXFileReference; lastKnownFileType = image.png; path = nameIndicator.png; sourceTree = "<group>"; };
		BAE01B901C4BBB7C0045D4C8 /* NetworkHelp.swift */ = {isa = PBXFileReference; fileEncoding = 4; lastKnownFileType = sourcecode.swift; path = NetworkHelp.swift; sourceTree = "<group>"; };
		E6FCED26F58214B57FCAC3B5 /* Pods-FoodOrderingSystem.release.xcconfig */ = {isa = PBXFileReference; includeInIndex = 1; lastKnownFileType = text.xcconfig; name = "Pods-FoodOrderingSystem.release.xcconfig"; path = "Pods/Target Support Files/Pods-FoodOrderingSystem/Pods-FoodOrderingSystem.release.xcconfig"; sourceTree = "<group>"; };
/* End PBXFileReference section */

/* Begin PBXFrameworksBuildPhase section */
		BA11D80A1C49D2F500C8C830 /* Frameworks */ = {
			isa = PBXFrameworksBuildPhase;
			buildActionMask = 2147483647;
			files = (
				BA2AAE7C1C648A5F00DB6131 /* FoodBusinessLogicalLayer.framework in Frameworks */,
				BA2AAE541C64869E00DB6131 /* FoodPersistantLayer.framework in Frameworks */,
				BA3B1A761C5A066300E4999F /* Alamofire.framework in Frameworks */,
				A67274A8BA8B8AC2992EC4EA /* Pods_FoodOrderingSystem.framework in Frameworks */,
			);
			runOnlyForDeploymentPostprocessing = 0;
		};
		BA11D81E1C49D2F500C8C830 /* Frameworks */ = {
			isa = PBXFrameworksBuildPhase;
			buildActionMask = 2147483647;
			files = (
			);
			runOnlyForDeploymentPostprocessing = 0;
		};
		BA11D8291C49D2F500C8C830 /* Frameworks */ = {
			isa = PBXFrameworksBuildPhase;
			buildActionMask = 2147483647;
			files = (
			);
			runOnlyForDeploymentPostprocessing = 0;
		};
/* End PBXFrameworksBuildPhase section */

/* Begin PBXGroup section */
		17C95D30DF4515F3A7B279BC /* Pods */ = {
			isa = PBXGroup;
			children = (
				543BEFA33FB33146D40925D7 /* Pods-FoodOrderingSystem.debug.xcconfig */,
				E6FCED26F58214B57FCAC3B5 /* Pods-FoodOrderingSystem.release.xcconfig */,
			);
			name = Pods;
			sourceTree = "<group>";
		};
		5F3131AB749042C2D81CD835 /* Frameworks */ = {
			isa = PBXGroup;
			children = (
				BA2AAE7B1C648A5F00DB6131 /* FoodBusinessLogicalLayer.framework */,
				BA2AAE531C64869E00DB6131 /* FoodPersistantLayer.framework */,
				BA3B1A751C5A066300E4999F /* Alamofire.framework */,
				361C516EE285A3055AB5961E /* Pods_FoodOrderingSystem.framework */,
			);
			name = Frameworks;
			sourceTree = "<group>";
		};
		BA11D8041C49D2F500C8C830 = {
			isa = PBXGroup;
			children = (
				BA11D80F1C49D2F500C8C830 /* FoodOrderingSystem */,
				BA11D8241C49D2F500C8C830 /* FoodOrderingSystemTests */,
				BA11D82F1C49D2F500C8C830 /* FoodOrderingSystemUITests */,
				BA11D80E1C49D2F500C8C830 /* Products */,
				BAC90EF81C4A126C0069165C /* Resources */,
				17C95D30DF4515F3A7B279BC /* Pods */,
				5F3131AB749042C2D81CD835 /* Frameworks */,
			);
			sourceTree = "<group>";
		};
		BA11D80E1C49D2F500C8C830 /* Products */ = {
			isa = PBXGroup;
			children = (
				BA11D80D1C49D2F500C8C830 /* FoodOrderingSystem.app */,
				BA11D8211C49D2F500C8C830 /* FoodOrderingSystemTests.xctest */,
				BA11D82C1C49D2F500C8C830 /* FoodOrderingSystemUITests.xctest */,
			);
			name = Products;
			sourceTree = "<group>";
		};
		BA11D80F1C49D2F500C8C830 /* FoodOrderingSystem */ = {
			isa = PBXGroup;
			children = (
				BA2AAE8A1C664E1F00DB6131 /* BusinessLayer */,
				BA2AAE8B1C664E1F00DB6131 /* PersistentLayer */,
				BA50335E1C62187300E0F066 /* DropDownMenu */,
				BA50334A1C60508D00E0F066 /* App */,
				BA9EBDFC1C5F401F006B85F1 /* SlideMenu */,
				BA1CFB821C4B354D00269862 /* TutorialAndLogin */,
				BA1CFB8E1C4BBABF00269862 /* Help */,
				BA11D8101C49D2F500C8C830 /* AppDelegate.swift */,
				BA11D8141C49D2F500C8C830 /* Tutorial.storyboard */,
				BA11D8171C49D2F500C8C830 /* Assets.xcassets */,
				BA11D8191C49D2F500C8C830 /* LaunchScreen.storyboard */,
				BA11D81C1C49D2F500C8C830 /* Info.plist */,
			);
			path = FoodOrderingSystem;
			sourceTree = "<group>";
		};
		BA11D8241C49D2F500C8C830 /* FoodOrderingSystemTests */ = {
			isa = PBXGroup;
			children = (
				BA11D8251C49D2F500C8C830 /* FoodOrderingSystemTests.swift */,
				BA11D8271C49D2F500C8C830 /* Info.plist */,
			);
			path = FoodOrderingSystemTests;
			sourceTree = "<group>";
		};
		BA11D82F1C49D2F500C8C830 /* FoodOrderingSystemUITests */ = {
			isa = PBXGroup;
			children = (
				BA11D8301C49D2F500C8C830 /* FoodOrderingSystemUITests.swift */,
				BA11D8321C49D2F500C8C830 /* Info.plist */,
			);
			path = FoodOrderingSystemUITests;
			sourceTree = "<group>";
		};
		BA1CFB6D1C4A704500269862 /* introduction */ = {
			isa = PBXGroup;
			children = (
				BA1CFB6E1C4A704500269862 /* introductionPic1.jpg */,
				BA1CFB6F1C4A704500269862 /* introductionPic2.jpg */,
				BA1CFB701C4A704500269862 /* introductionPic3.jpg */,
			);
			path = introduction;
			sourceTree = "<group>";
		};
		BA1CFB821C4B354D00269862 /* TutorialAndLogin */ = {
			isa = PBXGroup;
			children = (
				BA3B1AB11C5B51C200E4999F /* Login.storyboard */,
				BA1CFB831C4B354D00269862 /* TutorialPage.swift */,
				BA1CFB841C4B354D00269862 /* TutorialRootViewController.swift */,
				BA1CFB871C4B357800269862 /* Login.swift */,
				BA1CFB891C4B967600269862 /* Register.swift */,
			);
			name = TutorialAndLogin;
			path = IntroAndLogin;
			sourceTree = "<group>";
		};
		BA1CFB8E1C4BBABF00269862 /* Help */ = {
			isa = PBXGroup;
			children = (
				BA1CFB8F1C4BBABF00269862 /* OrangeButton.swift */,
				BAE01B901C4BBB7C0045D4C8 /* NetworkHelp.swift */,
				BA2AAE2D1C63542F00DB6131 /* CustomizedSegueLeftToRight.swift */,
			);
			path = Help;
			sourceTree = "<group>";
		};
		BA2AAE8A1C664E1F00DB6131 /* BusinessLayer */ = {
			isa = PBXGroup;
			children = (
				BA2AAE8E1C664E3E00DB6131 /* AccountBL.swift */,
			);
			path = BusinessLayer;
			sourceTree = "<group>";
		};
		BA2AAE8B1C664E1F00DB6131 /* PersistentLayer */ = {
			isa = PBXGroup;
			children = (
				BA2AAE8C1C664E3600DB6131 /* Account.swift */,
			);
			path = PersistentLayer;
			sourceTree = "<group>";
		};
		BA50334A1C60508D00E0F066 /* App */ = {
			isa = PBXGroup;
			children = (
				BA50334B1C6050BF00E0F066 /* AccountViewController.swift */,
				BA50334D1C6050D100E0F066 /* OrderViewController.swift */,
				BA5033631C633B5700E0F066 /* RestaurantCell.swift */,
			);
			name = App;
			sourceTree = "<group>";
		};
		BA5033531C60DAB600E0F066 /* icons */ = {
			isa = PBXGroup;
			children = (
				BA50335C1C60DC6B00E0F066 /* account.png */,
				BAA800D31C73649800F503A4 /* nameIndicator.png */,
				BA5033541C60DAB600E0F066 /* addGreen.png */,
				BA5033551C60DAB600E0F066 /* cartGreen.png */,
				BA5033561C60DAB600E0F066 /* favoriteGreen.png */,
				BA5033571C60DAB600E0F066 /* listGreen.png */,
			);
			path = icons;
			sourceTree = "<group>";
		};
		BA50335E1C62187300E0F066 /* DropDownMenu */ = {
			isa = PBXGroup;
			children = (
				BA50335F1C6218C200E0F066 /* DropDownButton.swift */,
			);
			path = DropDownMenu;
			sourceTree = "<group>";
		};
		BA9EBDFC1C5F401F006B85F1 /* SlideMenu */ = {
			isa = PBXGroup;
			children = (
				BA9EBDFD1C5F401F006B85F1 /* LeftMenuTableCell.swift */,
				BA9EBDFE1C5F401F006B85F1 /* LeftSlideMenu.swift */,
				BA9EBDFF1C5F401F006B85F1 /* MainMenuViewController.swift */,
				BA9EBE001C5F401F006B85F1 /* MenuTable.swift */,
				BA9EBE011C5F401F006B85F1 /* SlideMenu.swift */,
				BA9EBE071C5F4070006B85F1 /* SlideMenu.storyboard */,
			);
			path = SlideMenu;
			sourceTree = "<group>";
		};
		BAC90EF81C4A126C0069165C /* Resources */ = {
			isa = PBXGroup;
			children = (
				BA5033531C60DAB600E0F066 /* icons */,
				BA1CFB6D1C4A704500269862 /* introduction */,
			);
			name = Resources;
			path = FoodOrderingSystem/Resources;
			sourceTree = "<group>";
		};
/* End PBXGroup section */

/* Begin PBXNativeTarget section */
		BA11D80C1C49D2F500C8C830 /* FoodOrderingSystem */ = {
			isa = PBXNativeTarget;
			buildConfigurationList = BA11D8351C49D2F500C8C830 /* Build configuration list for PBXNativeTarget "FoodOrderingSystem" */;
			buildPhases = (
				A5BC394072D171EA28C784E2 /* Check Pods Manifest.lock */,
				BA11D8091C49D2F500C8C830 /* Sources */,
				BA11D80A1C49D2F500C8C830 /* Frameworks */,
				BA11D80B1C49D2F500C8C830 /* Resources */,
				5A0D9E7530D58137494A6A21 /* Embed Pods Frameworks */,
				6F5708A3577F6028A9E36103 /* Copy Pods Resources */,
			);
			buildRules = (
			);
			dependencies = (
			);
			name = FoodOrderingSystem;
			productName = FoodOrderingSystem;
			productReference = BA11D80D1C49D2F500C8C830 /* FoodOrderingSystem.app */;
			productType = "com.apple.product-type.application";
		};
		BA11D8201C49D2F500C8C830 /* FoodOrderingSystemTests */ = {
			isa = PBXNativeTarget;
			buildConfigurationList = BA11D8381C49D2F500C8C830 /* Build configuration list for PBXNativeTarget "FoodOrderingSystemTests" */;
			buildPhases = (
				BA11D81D1C49D2F500C8C830 /* Sources */,
				BA11D81E1C49D2F500C8C830 /* Frameworks */,
				BA11D81F1C49D2F500C8C830 /* Resources */,
			);
			buildRules = (
			);
			dependencies = (
				BA11D8231C49D2F500C8C830 /* PBXTargetDependency */,
			);
			name = FoodOrderingSystemTests;
			productName = FoodOrderingSystemTests;
			productReference = BA11D8211C49D2F500C8C830 /* FoodOrderingSystemTests.xctest */;
			productType = "com.apple.product-type.bundle.unit-test";
		};
		BA11D82B1C49D2F500C8C830 /* FoodOrderingSystemUITests */ = {
			isa = PBXNativeTarget;
			buildConfigurationList = BA11D83B1C49D2F500C8C830 /* Build configuration list for PBXNativeTarget "FoodOrderingSystemUITests" */;
			buildPhases = (
				BA11D8281C49D2F500C8C830 /* Sources */,
				BA11D8291C49D2F500C8C830 /* Frameworks */,
				BA11D82A1C49D2F500C8C830 /* Resources */,
			);
			buildRules = (
			);
			dependencies = (
				BA11D82E1C49D2F500C8C830 /* PBXTargetDependency */,
			);
			name = FoodOrderingSystemUITests;
			productName = FoodOrderingSystemUITests;
			productReference = BA11D82C1C49D2F500C8C830 /* FoodOrderingSystemUITests.xctest */;
			productType = "com.apple.product-type.bundle.ui-testing";
		};
/* End PBXNativeTarget section */

/* Begin PBXProject section */
		BA11D8051C49D2F500C8C830 /* Project object */ = {
			isa = PBXProject;
			attributes = {
				LastSwiftUpdateCheck = 0710;
				LastUpgradeCheck = 0710;
				ORGANIZATIONNAME = "李龑";
				TargetAttributes = {
					BA11D80C1C49D2F500C8C830 = {
						CreatedOnToolsVersion = 7.1.1;
						DevelopmentTeam = 72GD7QJXE4;
					};
					BA11D8201C49D2F500C8C830 = {
						CreatedOnToolsVersion = 7.1.1;
						DevelopmentTeam = 72GD7QJXE4;
						TestTargetID = BA11D80C1C49D2F500C8C830;
					};
					BA11D82B1C49D2F500C8C830 = {
						CreatedOnToolsVersion = 7.1.1;
						DevelopmentTeam = 72GD7QJXE4;
						TestTargetID = BA11D80C1C49D2F500C8C830;
					};
				};
			};
			buildConfigurationList = BA11D8081C49D2F500C8C830 /* Build configuration list for PBXProject "FoodOrderingSystem" */;
			compatibilityVersion = "Xcode 3.2";
			developmentRegion = English;
			hasScannedForEncodings = 0;
			knownRegions = (
				en,
				Base,
			);
			mainGroup = BA11D8041C49D2F500C8C830;
			productRefGroup = BA11D80E1C49D2F500C8C830 /* Products */;
			projectDirPath = "";
			projectRoot = "";
			targets = (
				BA11D80C1C49D2F500C8C830 /* FoodOrderingSystem */,
				BA11D8201C49D2F500C8C830 /* FoodOrderingSystemTests */,
				BA11D82B1C49D2F500C8C830 /* FoodOrderingSystemUITests */,
			);
		};
/* End PBXProject section */

/* Begin PBXResourcesBuildPhase section */
		BA11D80B1C49D2F500C8C830 /* Resources */ = {
			isa = PBXResourcesBuildPhase;
			buildActionMask = 2147483647;
			files = (
				BA50335B1C60DAB600E0F066 /* listGreen.png in Resources */,
				BA50335A1C60DAB600E0F066 /* favoriteGreen.png in Resources */,
				BA50335D1C60DC6B00E0F066 /* account.png in Resources */,
				BA1CFB731C4A704500269862 /* introductionPic3.jpg in Resources */,
				BA9EBE081C5F4070006B85F1 /* SlideMenu.storyboard in Resources */,
				BA1CFB721C4A704500269862 /* introductionPic2.jpg in Resources */,
				BA3B1AB21C5B51C200E4999F /* Login.storyboard in Resources */,
				BA11D81B1C49D2F500C8C830 /* LaunchScreen.storyboard in Resources */,
				BAA800D41C73649800F503A4 /* nameIndicator.png in Resources */,
				BA11D8181C49D2F500C8C830 /* Assets.xcassets in Resources */,
				BA1CFB711C4A704500269862 /* introductionPic1.jpg in Resources */,
				BA5033591C60DAB600E0F066 /* cartGreen.png in Resources */,
				BA11D8161C49D2F500C8C830 /* Tutorial.storyboard in Resources */,
				BA5033581C60DAB600E0F066 /* addGreen.png in Resources */,
			);
			runOnlyForDeploymentPostprocessing = 0;
		};
		BA11D81F1C49D2F500C8C830 /* Resources */ = {
			isa = PBXResourcesBuildPhase;
			buildActionMask = 2147483647;
			files = (
			);
			runOnlyForDeploymentPostprocessing = 0;
		};
		BA11D82A1C49D2F500C8C830 /* Resources */ = {
			isa = PBXResourcesBuildPhase;
			buildActionMask = 2147483647;
			files = (
			);
			runOnlyForDeploymentPostprocessing = 0;
		};
/* End PBXResourcesBuildPhase section */

/* Begin PBXShellScriptBuildPhase section */
		5A0D9E7530D58137494A6A21 /* Embed Pods Frameworks */ = {
			isa = PBXShellScriptBuildPhase;
			buildActionMask = 2147483647;
			files = (
			);
			inputPaths = (
			);
			name = "Embed Pods Frameworks";
			outputPaths = (
			);
			runOnlyForDeploymentPostprocessing = 0;
			shellPath = /bin/sh;
			shellScript = "\"${SRCROOT}/Pods/Target Support Files/Pods-FoodOrderingSystem/Pods-FoodOrderingSystem-frameworks.sh\"\n";
			showEnvVarsInLog = 0;
		};
		6F5708A3577F6028A9E36103 /* Copy Pods Resources */ = {
			isa = PBXShellScriptBuildPhase;
			buildActionMask = 2147483647;
			files = (
			);
			inputPaths = (
			);
			name = "Copy Pods Resources";
			outputPaths = (
			);
			runOnlyForDeploymentPostprocessing = 0;
			shellPath = /bin/sh;
			shellScript = "\"${SRCROOT}/Pods/Target Support Files/Pods-FoodOrderingSystem/Pods-FoodOrderingSystem-resources.sh\"\n";
			showEnvVarsInLog = 0;
		};
		A5BC394072D171EA28C784E2 /* Check Pods Manifest.lock */ = {
			isa = PBXShellScriptBuildPhase;
			buildActionMask = 2147483647;
			files = (
			);
			inputPaths = (
			);
			name = "Check Pods Manifest.lock";
			outputPaths = (
			);
			runOnlyForDeploymentPostprocessing = 0;
			shellPath = /bin/sh;
			shellScript = "diff \"${PODS_ROOT}/../Podfile.lock\" \"${PODS_ROOT}/Manifest.lock\" > /dev/null\nif [[ $? != 0 ]] ; then\n    cat << EOM\nerror: The sandbox is not in sync with the Podfile.lock. Run 'pod install' or update your CocoaPods installation.\nEOM\n    exit 1\nfi\n";
			showEnvVarsInLog = 0;
		};
/* End PBXShellScriptBuildPhase section */

/* Begin PBXSourcesBuildPhase section */
		BA11D8091C49D2F500C8C830 /* Sources */ = {
			isa = PBXSourcesBuildPhase;
			buildActionMask = 2147483647;
			files = (
				BA1CFB901C4BBABF00269862 /* OrangeButton.swift in Sources */,
				BA1CFB8A1C4B967600269862 /* Register.swift in Sources */,
				BA5033601C6218C200E0F066 /* DropDownButton.swift in Sources */,
				BA2AAE2E1C63542F00DB6131 /* CustomizedSegueLeftToRight.swift in Sources */,
				BA50334C1C6050BF00E0F066 /* AccountViewController.swift in Sources */,
				BA2AAE8D1C664E3600DB6131 /* Account.swift in Sources */,
				BA50334E1C6050D100E0F066 /* OrderViewController.swift in Sources */,
				BA9EBE041C5F401F006B85F1 /* MainMenuViewController.swift in Sources */,
				BA1CFB861C4B354D00269862 /* TutorialRootViewController.swift in Sources */,
				BA1CFB881C4B357800269862 /* Login.swift in Sources */,
				BA5033641C633B5700E0F066 /* RestaurantCell.swift in Sources */,
				BA9EBE061C5F401F006B85F1 /* SlideMenu.swift in Sources */,
				BA2AAE8F1C664E3E00DB6131 /* AccountBL.swift in Sources */,
				BA1CFB851C4B354D00269862 /* TutorialPage.swift in Sources */,
				BA9EBE021C5F401F006B85F1 /* LeftMenuTableCell.swift in Sources */,
				BA11D8111C49D2F500C8C830 /* AppDelegate.swift in Sources */,
				BAE01B911C4BBB7C0045D4C8 /* NetworkHelp.swift in Sources */,
				BA9EBE031C5F401F006B85F1 /* LeftSlideMenu.swift in Sources */,
				BA9EBE051C5F401F006B85F1 /* MenuTable.swift in Sources */,
			);
			runOnlyForDeploymentPostprocessing = 0;
		};
		BA11D81D1C49D2F500C8C830 /* Sources */ = {
			isa = PBXSourcesBuildPhase;
			buildActionMask = 2147483647;
			files = (
				BA11D8261C49D2F500C8C830 /* FoodOrderingSystemTests.swift in Sources */,
			);
			runOnlyForDeploymentPostprocessing = 0;
		};
		BA11D8281C49D2F500C8C830 /* Sources */ = {
			isa = PBXSourcesBuildPhase;
			buildActionMask = 2147483647;
			files = (
				BA11D8311C49D2F500C8C830 /* FoodOrderingSystemUITests.swift in Sources */,
			);
			runOnlyForDeploymentPostprocessing = 0;
		};
/* End PBXSourcesBuildPhase section */

/* Begin PBXTargetDependency section */
		BA11D8231C49D2F500C8C830 /* PBXTargetDependency */ = {
			isa = PBXTargetDependency;
			target = BA11D80C1C49D2F500C8C830 /* FoodOrderingSystem */;
			targetProxy = BA11D8221C49D2F500C8C830 /* PBXContainerItemProxy */;
		};
		BA11D82E1C49D2F500C8C830 /* PBXTargetDependency */ = {
			isa = PBXTargetDependency;
			target = BA11D80C1C49D2F500C8C830 /* FoodOrderingSystem */;
			targetProxy = BA11D82D1C49D2F500C8C830 /* PBXContainerItemProxy */;
		};
/* End PBXTargetDependency section */

/* Begin PBXVariantGroup section */
		BA11D8141C49D2F500C8C830 /* Tutorial.storyboard */ = {
			isa = PBXVariantGroup;
			children = (
				BA11D8151C49D2F500C8C830 /* Base */,
			);
			name = Tutorial.storyboard;
			sourceTree = "<group>";
		};
		BA11D8191C49D2F500C8C830 /* LaunchScreen.storyboard */ = {
			isa = PBXVariantGroup;
			children = (
				BA11D81A1C49D2F500C8C830 /* Base */,
			);
			name = LaunchScreen.storyboard;
			sourceTree = "<group>";
		};
/* End PBXVariantGroup section */

/* Begin XCBuildConfiguration section */
		BA11D8331C49D2F500C8C830 /* Debug */ = {
			isa = XCBuildConfiguration;
			buildSettings = {
				ALWAYS_SEARCH_USER_PATHS = NO;
				CLANG_CXX_LANGUAGE_STANDARD = "gnu++0x";
				CLANG_CXX_LIBRARY = "libc++";
				CLANG_ENABLE_MODULES = YES;
				CLANG_ENABLE_OBJC_ARC = YES;
				CLANG_WARN_BOOL_CONVERSION = YES;
				CLANG_WARN_CONSTANT_CONVERSION = YES;
				CLANG_WARN_DIRECT_OBJC_ISA_USAGE = YES_ERROR;
				CLANG_WARN_EMPTY_BODY = YES;
				CLANG_WARN_ENUM_CONVERSION = YES;
				CLANG_WARN_INT_CONVERSION = YES;
				CLANG_WARN_OBJC_ROOT_CLASS = YES_ERROR;
				CLANG_WARN_UNREACHABLE_CODE = YES;
				CLANG_WARN__DUPLICATE_METHOD_MATCH = YES;
				"CODE_SIGN_IDENTITY[sdk=iphoneos*]" = "iPhone Developer";
				COPY_PHASE_STRIP = NO;
				DEBUG_INFORMATION_FORMAT = dwarf;
				ENABLE_STRICT_OBJC_MSGSEND = YES;
				ENABLE_TESTABILITY = YES;
				GCC_C_LANGUAGE_STANDARD = gnu99;
				GCC_DYNAMIC_NO_PIC = NO;
				GCC_NO_COMMON_BLOCKS = YES;
				GCC_OPTIMIZATION_LEVEL = 0;
				GCC_PREPROCESSOR_DEFINITIONS = (
					"DEBUG=1",
					"$(inherited)",
				);
				GCC_WARN_64_TO_32_BIT_CONVERSION = YES;
				GCC_WARN_ABOUT_RETURN_TYPE = YES_ERROR;
				GCC_WARN_UNDECLARED_SELECTOR = YES;
				GCC_WARN_UNINITIALIZED_AUTOS = YES_AGGRESSIVE;
				GCC_WARN_UNUSED_FUNCTION = YES;
				GCC_WARN_UNUSED_VARIABLE = YES;
				IPHONEOS_DEPLOYMENT_TARGET = 9.1;
				MTL_ENABLE_DEBUG_INFO = YES;
				ONLY_ACTIVE_ARCH = YES;
				SDKROOT = iphoneos;
				SWIFT_OPTIMIZATION_LEVEL = "-Onone";
				TARGETED_DEVICE_FAMILY = "1,2";
			};
			name = Debug;
		};
		BA11D8341C49D2F500C8C830 /* Release */ = {
			isa = XCBuildConfiguration;
			buildSettings = {
				ALWAYS_SEARCH_USER_PATHS = NO;
				CLANG_CXX_LANGUAGE_STANDARD = "gnu++0x";
				CLANG_CXX_LIBRARY = "libc++";
				CLANG_ENABLE_MODULES = YES;
				CLANG_ENABLE_OBJC_ARC = YES;
				CLANG_WARN_BOOL_CONVERSION = YES;
				CLANG_WARN_CONSTANT_CONVERSION = YES;
				CLANG_WARN_DIRECT_OBJC_ISA_USAGE = YES_ERROR;
				CLANG_WARN_EMPTY_BODY = YES;
				CLANG_WARN_ENUM_CONVERSION = YES;
				CLANG_WARN_INT_CONVERSION = YES;
				CLANG_WARN_OBJC_ROOT_CLASS = YES_ERROR;
				CLANG_WARN_UNREACHABLE_CODE = YES;
				CLANG_WARN__DUPLICATE_METHOD_MATCH = YES;
				"CODE_SIGN_IDENTITY[sdk=iphoneos*]" = "iPhone Developer";
				COPY_PHASE_STRIP = NO;
				DEBUG_INFORMATION_FORMAT = "dwarf-with-dsym";
				ENABLE_NS_ASSERTIONS = NO;
				ENABLE_STRICT_OBJC_MSGSEND = YES;
				GCC_C_LANGUAGE_STANDARD = gnu99;
				GCC_NO_COMMON_BLOCKS = YES;
				GCC_WARN_64_TO_32_BIT_CONVERSION = YES;
				GCC_WARN_ABOUT_RETURN_TYPE = YES_ERROR;
				GCC_WARN_UNDECLARED_SELECTOR = YES;
				GCC_WARN_UNINITIALIZED_AUTOS = YES_AGGRESSIVE;
				GCC_WARN_UNUSED_FUNCTION = YES;
				GCC_WARN_UNUSED_VARIABLE = YES;
				IPHONEOS_DEPLOYMENT_TARGET = 9.1;
				MTL_ENABLE_DEBUG_INFO = NO;
				SDKROOT = iphoneos;
				TARGETED_DEVICE_FAMILY = "1,2";
				VALIDATE_PRODUCT = YES;
			};
			name = Release;
		};
		BA11D8361C49D2F500C8C830 /* Debug */ = {
			isa = XCBuildConfiguration;
			baseConfigurationReference = 543BEFA33FB33146D40925D7 /* Pods-FoodOrderingSystem.debug.xcconfig */;
			buildSettings = {
				ASSETCATALOG_COMPILER_APPICON_NAME = AppIcon;
				FRAMEWORK_SEARCH_PATHS = (
					"$(inherited)",
					"$(PROJECT_DIR)/build/Debug-iphoneos",
					"$(PROJECT_DIR)/FoodPersistantLayer/build/Debug-iphoneos",
					"$(PROJECT_DIR)/FoodBusinessLogicalLayer/build/Debug-iphoneos",
				);
				INFOPLIST_FILE = FoodOrderingSystem/Info.plist;
				LD_RUNPATH_SEARCH_PATHS = "$(inherited) @executable_path/Frameworks";
				PRODUCT_BUNDLE_IDENTIFIER = thanatos.FoodOrderingSystem;
				PRODUCT_NAME = "$(TARGET_NAME)";
			};
			name = Debug;
		};
		BA11D8371C49D2F500C8C830 /* Release */ = {
			isa = XCBuildConfiguration;
			baseConfigurationReference = E6FCED26F58214B57FCAC3B5 /* Pods-FoodOrderingSystem.release.xcconfig */;
			buildSettings = {
				ASSETCATALOG_COMPILER_APPICON_NAME = AppIcon;
				FRAMEWORK_SEARCH_PATHS = (
					"$(inherited)",
					"$(PROJECT_DIR)/build/Debug-iphoneos",
					"$(PROJECT_DIR)/FoodPersistantLayer/build/Debug-iphoneos",
					"$(PROJECT_DIR)/FoodBusinessLogicalLayer/build/Debug-iphoneos",
				);
				INFOPLIST_FILE = FoodOrderingSystem/Info.plist;
				LD_RUNPATH_SEARCH_PATHS = "$(inherited) @executable_path/Frameworks";
				PRODUCT_BUNDLE_IDENTIFIER = thanatos.FoodOrderingSystem;
				PRODUCT_NAME = "$(TARGET_NAME)";
			};
			name = Release;
		};
		BA11D8391C49D2F500C8C830 /* Debug */ = {
			isa = XCBuildConfiguration;
			buildSettings = {
				BUNDLE_LOADER = "$(TEST_HOST)";
				INFOPLIST_FILE = FoodOrderingSystemTests/Info.plist;
				LD_RUNPATH_SEARCH_PATHS = "$(inherited) @executable_path/Frameworks @loader_path/Frameworks";
				PRODUCT_BUNDLE_IDENTIFIER = thanatos.FoodOrderingSystemTests;
				PRODUCT_NAME = "$(TARGET_NAME)";
				TEST_HOST = "$(BUILT_PRODUCTS_DIR)/FoodOrderingSystem.app/FoodOrderingSystem";
			};
			name = Debug;
		};
		BA11D83A1C49D2F500C8C830 /* Release */ = {
			isa = XCBuildConfiguration;
			buildSettings = {
				BUNDLE_LOADER = "$(TEST_HOST)";
				INFOPLIST_FILE = FoodOrderingSystemTests/Info.plist;
				LD_RUNPATH_SEARCH_PATHS = "$(inherited) @executable_path/Frameworks @loader_path/Frameworks";
				PRODUCT_BUNDLE_IDENTIFIER = thanatos.FoodOrderingSystemTests;
				PRODUCT_NAME = "$(TARGET_NAME)";
				TEST_HOST = "$(BUILT_PRODUCTS_DIR)/FoodOrderingSystem.app/FoodOrderingSystem";
			};
			name = Release;
		};
		BA11D83C1C49D2F500C8C830 /* Debug */ = {
			isa = XCBuildConfiguration;
			buildSettings = {
				INFOPLIST_FILE = FoodOrderingSystemUITests/Info.plist;
				LD_RUNPATH_SEARCH_PATHS = "$(inherited) @executable_path/Frameworks @loader_path/Frameworks";
				PRODUCT_BUNDLE_IDENTIFIER = thanatos.FoodOrderingSystemUITests;
				PRODUCT_NAME = "$(TARGET_NAME)";
				TEST_TARGET_NAME = FoodOrderingSystem;
				USES_XCTRUNNER = YES;
			};
			name = Debug;
		};
		BA11D83D1C49D2F500C8C830 /* Release */ = {
			isa = XCBuildConfiguration;
			buildSettings = {
				INFOPLIST_FILE = FoodOrderingSystemUITests/Info.plist;
				LD_RUNPATH_SEARCH_PATHS = "$(inherited) @executable_path/Frameworks @loader_path/Frameworks";
				PRODUCT_BUNDLE_IDENTIFIER = thanatos.FoodOrderingSystemUITests;
				PRODUCT_NAME = "$(TARGET_NAME)";
				TEST_TARGET_NAME = FoodOrderingSystem;
				USES_XCTRUNNER = YES;
			};
			name = Release;
		};
/* End XCBuildConfiguration section */

/* Begin XCConfigurationList section */
		BA11D8081C49D2F500C8C830 /* Build configuration list for PBXProject "FoodOrderingSystem" */ = {
			isa = XCConfigurationList;
			buildConfigurations = (
				BA11D8331C49D2F500C8C830 /* Debug */,
				BA11D8341C49D2F500C8C830 /* Release */,
			);
			defaultConfigurationIsVisible = 0;
			defaultConfigurationName = Release;
		};
		BA11D8351C49D2F500C8C830 /* Build configuration list for PBXNativeTarget "FoodOrderingSystem" */ = {
			isa = XCConfigurationList;
			buildConfigurations = (
				BA11D8361C49D2F500C8C830 /* Debug */,
				BA11D8371C49D2F500C8C830 /* Release */,
			);
			defaultConfigurationIsVisible = 0;
			defaultConfigurationName = Release;
		};
		BA11D8381C49D2F500C8C830 /* Build configuration list for PBXNativeTarget "FoodOrderingSystemTests" */ = {
			isa = XCConfigurationList;
			buildConfigurations = (
				BA11D8391C49D2F500C8C830 /* Debug */,
				BA11D83A1C49D2F500C8C830 /* Release */,
			);
			defaultConfigurationIsVisible = 0;
			defaultConfigurationName = Release;
		};
		BA11D83B1C49D2F500C8C830 /* Build configuration list for PBXNativeTarget "FoodOrderingSystemUITests" */ = {
			isa = XCConfigurationList;
			buildConfigurations = (
				BA11D83C1C49D2F500C8C830 /* Debug */,
				BA11D83D1C49D2F500C8C830 /* Release */,
			);
			defaultConfigurationIsVisible = 0;
			defaultConfigurationName = Release;
		};
/* End XCConfigurationList section */
	};
	rootObject = BA11D8051C49D2F500C8C830 /* Project object */;
}
